
Microsoft Visual Studio Solution File, Format Version 12.00
# Visual Studio Version 17
VisualStudioVersion = 17.5.33424.131
MinimumVisualStudioVersion = 10.0.40219.1
Project("{FAE04EC0-301F-11D3-BF4B-00C04F79EFBC}") = "P3Perspectiva", "P3Perspectiva\P3Perspectiva.csproj", "{465CD421-CC55-43D6-A698-B1CE1DC0F90A}"
EndProject
Global
	GlobalSection(SolutionConfigurationPlatforms) = preSolution
		Debug|Any CPU = Debug|Any CPU
		Release|Any CPU = Release|Any CPU
	EndGlobalSection
	GlobalSection(ProjectConfigurationPlatforms) = postSolution
		{465CD421-CC55-43D6-A698-B1CE1DC0F90A}.Debug|Any CPU.ActiveCfg = Debug|Any CPU
		{465CD421-CC55-43D6-A698-B1CE1DC0F90A}.Debug|Any CPU.Build.0 = Debug|Any CPU
		{465CD421-CC55-43D6-A698-B1CE1DC0F90A}.Release|Any CPU.ActiveCfg = Release|Any CPU
		{465CD421-CC55-43D6-A698-B1CE1DC0F90A}.Release|Any CPU.Build.0 = Release|Any CPU
	EndGlobalSection
	GlobalSection(SolutionProperties) = preSolution
		HideSolutionNode = FALSE
	EndGlobalSection
	GlobalSection(ExtensibilityGlobals) = postSolution
		SolutionGuid = {3D241D73-ED88-4517-B482-E6DF42402270}
	EndGlobalSection
EndGlobal
